
Microsoft Visual Studio Solution File, Format Version 10.00
# Visual Studio 2008
Project("{2150E333-8FDC-42A3-9474-1A3956D46DE8}") = "SimpleFileLogger", "SimpleFileLogger", "{6ACE65FE-ACDD-463D-A767-832F56FA0B1D}"
EndProject
Project("{FAE04EC0-301F-11D3-BF4B-00C04F79EFBC}") = "SimpleFileLogger", "SimpleFileLogger\SimpleFileLogger.csproj", "{3EB90A83-9687-4D03-BE0F-12FC14572121}"
EndProject
Global
	GlobalSection(SolutionConfigurationPlatforms) = preSolution
		Debug|Any CPU = Debug|Any CPU
		Release|Any CPU = Release|Any CPU
	EndGlobalSection
	GlobalSection(ProjectConfigurationPlatforms) = postSolution
		{3EB90A83-9687-4D03-BE0F-12FC14572121}.Debug|Any CPU.ActiveCfg = Debug|Any CPU
		{3EB90A83-9687-4D03-BE0F-12FC14572121}.Debug|Any CPU.Build.0 = Debug|Any CPU
		{3EB90A83-9687-4D03-BE0F-12FC14572121}.Release|Any CPU.ActiveCfg = Release|Any CPU
		{3EB90A83-9687-4D03-BE0F-12FC14572121}.Release|Any CPU.Build.0 = Release|Any CPU
	EndGlobalSection
	GlobalSection(SolutionProperties) = preSolution
		HideSolutionNode = FALSE
	EndGlobalSection
	GlobalSection(NestedProjects) = preSolution
		{3EB90A83-9687-4D03-BE0F-12FC14572121} = {6ACE65FE-ACDD-463D-A767-832F56FA0B1D}
	EndGlobalSection
EndGlobal
